
Microsoft Visual Studio Solution File, Format Version 12.00
# Visual Studio 14
VisualStudioVersion = 14.0.25420.1
MinimumVisualStudioVersion = 10.0.40219.1
Project("{FAE04EC0-301F-11D3-BF4B-00C04F79EFBC}") = "OnlineShop", "OnlineShop\OnlineShop.csproj", "{F8F3CB13-D6DD-4F99-B54F-C5DA0B7EAF81}"
EndProject
Project("{FAE04EC0-301F-11D3-BF4B-00C04F79EFBC}") = "OnlineShop.Tests", "OnlineShop.Tests\OnlineShop.Tests.csproj", "{8CDF7EE1-CBE7-4B03-B7C2-6BB480A148B4}"
EndProject
Project("{FAE04EC0-301F-11D3-BF4B-00C04F79EFBC}") = "Models", "Models\Models.csproj", "{AC92457A-BDE3-46EF-A8B2-32D4DF8B9B21}"
EndProject
Global
	GlobalSection(SolutionConfigurationPlatforms) = preSolution
		Debug|Any CPU = Debug|Any CPU
		Release|Any CPU = Release|Any CPU
	EndGlobalSection
	GlobalSection(ProjectConfigurationPlatforms) = postSolution
		{F8F3CB13-D6DD-4F99-B54F-C5DA0B7EAF81}.Debug|Any CPU.ActiveCfg = Debug|Any CPU
		{F8F3CB13-D6DD-4F99-B54F-C5DA0B7EAF81}.Debug|Any CPU.Build.0 = Debug|Any CPU
		{F8F3CB13-D6DD-4F99-B54F-C5DA0B7EAF81}.Release|Any CPU.ActiveCfg = Release|Any CPU
		{F8F3CB13-D6DD-4F99-B54F-C5DA0B7EAF81}.Release|Any CPU.Build.0 = Release|Any CPU
		{8CDF7EE1-CBE7-4B03-B7C2-6BB480A148B4}.Debug|Any CPU.ActiveCfg = Debug|Any CPU
		{8CDF7EE1-CBE7-4B03-B7C2-6BB480A148B4}.Debug|Any CPU.Build.0 = Debug|Any CPU
		{8CDF7EE1-CBE7-4B03-B7C2-6BB480A148B4}.Release|Any CPU.ActiveCfg = Release|Any CPU
		{8CDF7EE1-CBE7-4B03-B7C2-6BB480A148B4}.Release|Any CPU.Build.0 = Release|Any CPU
		{AC92457A-BDE3-46EF-A8B2-32D4DF8B9B21}.Debug|Any CPU.ActiveCfg = Debug|Any CPU
		{AC92457A-BDE3-46EF-A8B2-32D4DF8B9B21}.Debug|Any CPU.Build.0 = Debug|Any CPU
		{AC92457A-BDE3-46EF-A8B2-32D4DF8B9B21}.Release|Any CPU.ActiveCfg = Release|Any CPU
		{AC92457A-BDE3-46EF-A8B2-32D4DF8B9B21}.Release|Any CPU.Build.0 = Release|Any CPU
	EndGlobalSection
	GlobalSection(SolutionProperties) = preSolution
		HideSolutionNode = FALSE
	EndGlobalSection
EndGlobal
